
Microsoft Visual Studio Solution File, Format Version 12.00
# Visual Studio Version 17
VisualStudioVersion = 17.5.33414.496
MinimumVisualStudioVersion = 10.0.40219.1
Project("{FAE04EC0-301F-11D3-BF4B-00C04F79EFBC}") = "modul9_1302213092", "modul9_1302213092\modul9_1302213092.csproj", "{734D1C43-B994-49C0-9CBE-D35D9A729142}"
EndProject
Global
	GlobalSection(SolutionConfigurationPlatforms) = preSolution
		Debug|Any CPU = Debug|Any CPU
		Release|Any CPU = Release|Any CPU
	EndGlobalSection
	GlobalSection(ProjectConfigurationPlatforms) = postSolution
		{734D1C43-B994-49C0-9CBE-D35D9A729142}.Debug|Any CPU.ActiveCfg = Debug|Any CPU
		{734D1C43-B994-49C0-9CBE-D35D9A729142}.Debug|Any CPU.Build.0 = Debug|Any CPU
		{734D1C43-B994-49C0-9CBE-D35D9A729142}.Release|Any CPU.ActiveCfg = Release|Any CPU
		{734D1C43-B994-49C0-9CBE-D35D9A729142}.Release|Any CPU.Build.0 = Release|Any CPU
	EndGlobalSection
	GlobalSection(SolutionProperties) = preSolution
		HideSolutionNode = FALSE
	EndGlobalSection
	GlobalSection(ExtensibilityGlobals) = postSolution
		SolutionGuid = {0524BD8C-86C6-4F4E-8400-274A472A09D2}
	EndGlobalSection
EndGlobal
